
Microsoft Visual Studio Solution File, Format Version 12.00
# Visual Studio 15
VisualStudioVersion = 15.0.28307.705
MinimumVisualStudioVersion = 10.0.40219.1
Project("{FAE04EC0-301F-11D3-BF4B-00C04F79EFBC}") = "DJMobileAPI", "DJMobileAPI\DJMobileAPI.csproj", "{D24A6159-C240-488C-A1EA-58EBA132A608}"
EndProject
Global
	GlobalSection(SolutionConfigurationPlatforms) = preSolution
		Debug|Any CPU = Debug|Any CPU
		Release|Any CPU = Release|Any CPU
	EndGlobalSection
	GlobalSection(ProjectConfigurationPlatforms) = postSolution
		{D24A6159-C240-488C-A1EA-58EBA132A608}.Debug|Any CPU.ActiveCfg = Debug|Any CPU
		{D24A6159-C240-488C-A1EA-58EBA132A608}.Debug|Any CPU.Build.0 = Debug|Any CPU
		{D24A6159-C240-488C-A1EA-58EBA132A608}.Release|Any CPU.ActiveCfg = Release|Any CPU
		{D24A6159-C240-488C-A1EA-58EBA132A608}.Release|Any CPU.Build.0 = Release|Any CPU
	EndGlobalSection
	GlobalSection(SolutionProperties) = preSolution
		HideSolutionNode = FALSE
	EndGlobalSection
	GlobalSection(ExtensibilityGlobals) = postSolution
		SolutionGuid = {601C0975-DBE6-4FFE-97F1-CA798DC66E5E}
	EndGlobalSection
EndGlobal
